// !$*UTF8*$!
{
	archiveVersion = 1;
	classes = {
	};
	objectVersion = 55;
	objects = {

/* Begin PBXBuildFile section */
		ECD43C6028DB08A60085E1BE /* AppDelegate.swift in Sources */ = {isa = PBXBuildFile; fileRef = ECD43C5F28DB08A60085E1BE /* AppDelegate.swift */; };
		ECD43C6228DB08A60085E1BE /* SceneDelegate.swift in Sources */ = {isa = PBXBuildFile; fileRef = ECD43C6128DB08A60085E1BE /* SceneDelegate.swift */; };
		ECD43C6428DB08A60085E1BE /* ViewController.swift in Sources */ = {isa = PBXBuildFile; fileRef = ECD43C6328DB08A60085E1BE /* ViewController.swift */; };
		ECD43C6728DB08A60085E1BE /* Main.storyboard in Resources */ = {isa = PBXBuildFile; fileRef = ECD43C6528DB08A60085E1BE /* Main.storyboard */; };
		ECD43C6928DB08AA0085E1BE /* Assets.xcassets in Resources */ = {isa = PBXBuildFile; fileRef = ECD43C6828DB08AA0085E1BE /* Assets.xcassets */; };
		ECD43C6C28DB08AA0085E1BE /* LaunchScreen.storyboard in Resources */ = {isa = PBXBuildFile; fileRef = ECD43C6A28DB08AA0085E1BE /* LaunchScreen.storyboard */; };
		ECD43C7628DB0B5E0085E1BE /* GoogleService-Info.plist in Resources */ = {isa = PBXBuildFile; fileRef = ECD43C7528DB0B5E0085E1BE /* GoogleService-Info.plist */; };
		ECD43C7C28DB1D2C0085E1BE /* SecondController.swift in Sources */ = {isa = PBXBuildFile; fileRef = ECD43C7B28DB1D2C0085E1BE /* SecondController.swift */; };
		ECD43CB628DB3DB80085E1BE /* FirebaseDatabase in Frameworks */ = {isa = PBXBuildFile; productRef = ECD43CB528DB3DB80085E1BE /* FirebaseDatabase */; };
		ECD43CB828DB3DB90085E1BE /* FirebaseDatabaseSwift in Frameworks */ = {isa = PBXBuildFile; productRef = ECD43CB728DB3DB90085E1BE /* FirebaseDatabaseSwift */; };
/* End PBXBuildFile section */

/* Begin PBXFileReference section */
		ECD43C5C28DB08A60085E1BE /* SamyTheoProjet.app */ = {isa = PBXFileReference; explicitFileType = wrapper.application; includeInIndex = 0; path = SamyTheoProjet.app; sourceTree = BUILT_PRODUCTS_DIR; };
		ECD43C5F28DB08A60085E1BE /* AppDelegate.swift */ = {isa = PBXFileReference; lastKnownFileType = sourcecode.swift; path = AppDelegate.swift; sourceTree = "<group>"; };
		ECD43C6128DB08A60085E1BE /* SceneDelegate.swift */ = {isa = PBXFileReference; lastKnownFileType = sourcecode.swift; path = SceneDelegate.swift; sourceTree = "<group>"; };
		ECD43C6328DB08A60085E1BE /* ViewController.swift */ = {isa = PBXFileReference; lastKnownFileType = sourcecode.swift; path = ViewController.swift; sourceTree = "<group>"; };
		ECD43C6628DB08A60085E1BE /* Base */ = {isa = PBXFileReference; lastKnownFileType = file.storyboard; name = Base; path = Base.lproj/Main.storyboard; sourceTree = "<group>"; };
		ECD43C6828DB08AA0085E1BE /* Assets.xcassets */ = {isa = PBXFileReference; lastKnownFileType = folder.assetcatalog; path = Assets.xcassets; sourceTree = "<group>"; };
		ECD43C6B28DB08AA0085E1BE /* Base */ = {isa = PBXFileReference; lastKnownFileType = file.storyboard; name = Base; path = Base.lproj/LaunchScreen.storyboard; sourceTree = "<group>"; };
		ECD43C6D28DB08AA0085E1BE /* Info.plist */ = {isa = PBXFileReference; lastKnownFileType = text.plist.xml; path = Info.plist; sourceTree = "<group>"; };
		ECD43C7528DB0B5E0085E1BE /* GoogleService-Info.plist */ = {isa = PBXFileReference; fileEncoding = 4; lastKnownFileType = text.plist.xml; path = "GoogleService-Info.plist"; sourceTree = "<group>"; };
		ECD43C7B28DB1D2C0085E1BE /* SecondController.swift */ = {isa = PBXFileReference; lastKnownFileType = sourcecode.swift; path = SecondController.swift; sourceTree = "<group>"; };
/* End PBXFileReference section */

/* Begin PBXFrameworksBuildPhase section */
		ECD43C5928DB08A60085E1BE /* Frameworks */ = {
			isa = PBXFrameworksBuildPhase;
			buildActionMask = 2147483647;
			files = (
				ECD43CB828DB3DB90085E1BE /* FirebaseDatabaseSwift in Frameworks */,
				ECD43CB628DB3DB80085E1BE /* FirebaseDatabase in Frameworks */,
			);
			runOnlyForDeploymentPostprocessing = 0;
		};
/* End PBXFrameworksBuildPhase section */

/* Begin PBXGroup section */
		ECD43C5328DB08A60085E1BE = {
			isa = PBXGroup;
			children = (
				ECD43C5E28DB08A60085E1BE /* SamyTheoProjet */,
				ECD43C5D28DB08A60085E1BE /* Products */,
			);
			sourceTree = "<group>";
		};
		ECD43C5D28DB08A60085E1BE /* Products */ = {
			isa = PBXGroup;
			children = (
				ECD43C5C28DB08A60085E1BE /* SamyTheoProjet.app */,
			);
			name = Products;
			sourceTree = "<group>";
		};
		ECD43C5E28DB08A60085E1BE /* SamyTheoProjet */ = {
			isa = PBXGroup;
			children = (
				ECD43C7B28DB1D2C0085E1BE /* SecondController.swift */,
				ECD43C5F28DB08A60085E1BE /* AppDelegate.swift */,
				ECD43C6128DB08A60085E1BE /* SceneDelegate.swift */,
				ECD43C6328DB08A60085E1BE /* ViewController.swift */,
				ECD43C6528DB08A60085E1BE /* Main.storyboard */,
				ECD43C6828DB08AA0085E1BE /* Assets.xcassets */,
				ECD43C6A28DB08AA0085E1BE /* LaunchScreen.storyboard */,
				ECD43C6D28DB08AA0085E1BE /* Info.plist */,
				ECD43C7528DB0B5E0085E1BE /* GoogleService-Info.plist */,
			);
			path = SamyTheoProjet;
			sourceTree = "<group>";
		};
/* End PBXGroup section */

/* Begin PBXNativeTarget section */
		ECD43C5B28DB08A60085E1BE /* SamyTheoProjet */ = {
			isa = PBXNativeTarget;
			buildConfigurationList = ECD43C7028DB08AA0085E1BE /* Build configuration list for PBXNativeTarget "SamyTheoProjet" */;
			buildPhases = (
				ECD43C5828DB08A60085E1BE /* Sources */,
				ECD43C5928DB08A60085E1BE /* Frameworks */,
				ECD43C5A28DB08A60085E1BE /* Resources */,
			);
			buildRules = (
			);
			dependencies = (
			);
			name = SamyTheoProjet;
			packageProductDependencies = (
				ECD43CB528DB3DB80085E1BE /* FirebaseDatabase */,
				ECD43CB728DB3DB90085E1BE /* FirebaseDatabaseSwift */,
			);
			productName = SamyTheoProjet;
			productReference = ECD43C5C28DB08A60085E1BE /* SamyTheoProjet.app */;
			productType = "com.apple.product-type.application";
		};
/* End PBXNativeTarget section */

/* Begin PBXProject section */
		ECD43C5428DB08A60085E1BE /* Project object */ = {
			isa = PBXProject;
			attributes = {
				BuildIndependentTargetsInParallel = 1;
				LastSwiftUpdateCheck = 1320;
				LastUpgradeCheck = 1320;
				TargetAttributes = {
					ECD43C5B28DB08A60085E1BE = {
						CreatedOnToolsVersion = 13.2.1;
					};
				};
			};
			buildConfigurationList = ECD43C5728DB08A60085E1BE /* Build configuration list for PBXProject "SamyTheoProjet" */;
			compatibilityVersion = "Xcode 13.0";
			developmentRegion = en;
			hasScannedForEncodings = 0;
			knownRegions = (
				en,
				Base,
			);
			mainGroup = ECD43C5328DB08A60085E1BE;
			packageReferences = (
				ECD43CB428DB3DB80085E1BE /* XCRemoteSwiftPackageReference "firebase-ios-sdk" */,
			);
			productRefGroup = ECD43C5D28DB08A60085E1BE /* Products */;
			projectDirPath = "";
			projectRoot = "";
			targets = (
				ECD43C5B28DB08A60085E1BE /* SamyTheoProjet */,
			);
		};
/* End PBXProject section */

/* Begin PBXResourcesBuildPhase section */
		ECD43C5A28DB08A60085E1BE /* Resources */ = {
			isa = PBXResourcesBuildPhase;
			buildActionMask = 2147483647;
			files = (
				ECD43C6C28DB08AA0085E1BE /* LaunchScreen.storyboard in Resources */,
				ECD43C7628DB0B5E0085E1BE /* GoogleService-Info.plist in Resources */,
				ECD43C6928DB08AA0085E1BE /* Assets.xcassets in Resources */,
				ECD43C6728DB08A60085E1BE /* Main.storyboard in Resources */,
			);
			runOnlyForDeploymentPostprocessing = 0;
		};
/* End PBXResourcesBuildPhase section */

/* Begin PBXSourcesBuildPhase section */
		ECD43C5828DB08A60085E1BE /* Sources */ = {
			isa = PBXSourcesBuildPhase;
			buildActionMask = 2147483647;
			files = (
				ECD43C6428DB08A60085E1BE /* ViewController.swift in Sources */,
				ECD43C7C28DB1D2C0085E1BE /* SecondController.swift in Sources */,
				ECD43C6028DB08A60085E1BE /* AppDelegate.swift in Sources */,
				ECD43C6228DB08A60085E1BE /* SceneDelegate.swift in Sources */,
			);
			runOnlyForDeploymentPostprocessing = 0;
		};
/* End PBXSourcesBuildPhase section */

/* Begin PBXVariantGroup section */
		ECD43C6528DB08A60085E1BE /* Main.storyboard */ = {
			isa = PBXVariantGroup;
			children = (
				ECD43C6628DB08A60085E1BE /* Base */,
			);
			name = Main.storyboard;
			sourceTree = "<group>";
		};
		ECD43C6A28DB08AA0085E1BE /* LaunchScreen.storyboard */ = {
			isa = PBXVariantGroup;
			children = (
				ECD43C6B28DB08AA0085E1BE /* Base */,
			);
			name = LaunchScreen.storyboard;
			sourceTree = "<group>";
		};
/* End PBXVariantGroup section */

/* Begin XCBuildConfiguration section */
		ECD43C6E28DB08AA0085E1BE /* Debug */ = {
			isa = XCBuildConfiguration;
			buildSettings = {
				ALWAYS_SEARCH_USER_PATHS = NO;
				CLANG_ANALYZER_NONNULL = YES;
				CLANG_ANALYZER_NUMBER_OBJECT_CONVERSION = YES_AGGRESSIVE;
				CLANG_CXX_LANGUAGE_STANDARD = "gnu++17";
				CLANG_CXX_LIBRARY = "libc++";
				CLANG_ENABLE_MODULES = YES;
				CLANG_ENABLE_OBJC_ARC = YES;
				CLANG_ENABLE_OBJC_WEAK = YES;
				CLANG_WARN_BLOCK_CAPTURE_AUTORELEASING = YES;
				CLANG_WARN_BOOL_CONVERSION = YES;
				CLANG_WARN_COMMA = YES;
				CLANG_WARN_CONSTANT_CONVERSION = YES;
				CLANG_WARN_DEPRECATED_OBJC_IMPLEMENTATIONS = YES;
				CLANG_WARN_DIRECT_OBJC_ISA_USAGE = YES_ERROR;
				CLANG_WARN_DOCUMENTATION_COMMENTS = YES;
				CLANG_WARN_EMPTY_BODY = YES;
				CLANG_WARN_ENUM_CONVERSION = YES;
				CLANG_WARN_INFINITE_RECURSION = YES;
				CLANG_WARN_INT_CONVERSION = YES;
				CLANG_WARN_NON_LITERAL_NULL_CONVERSION = YES;
				CLANG_WARN_OBJC_IMPLICIT_RETAIN_SELF = YES;
				CLANG_WARN_OBJC_LITERAL_CONVERSION = YES;
				CLANG_WARN_OBJC_ROOT_CLASS = YES_ERROR;
				CLANG_WARN_QUOTED_INCLUDE_IN_FRAMEWORK_HEADER = YES;
				CLANG_WARN_RANGE_LOOP_ANALYSIS = YES;
				CLANG_WARN_STRICT_PROTOTYPES = YES;
				CLANG_WARN_SUSPICIOUS_MOVE = YES;
				CLANG_WARN_UNGUARDED_AVAILABILITY = YES_AGGRESSIVE;
				CLANG_WARN_UNREACHABLE_CODE = YES;
				CLANG_WARN__DUPLICATE_METHOD_MATCH = YES;
				COPY_PHASE_STRIP = NO;
				DEBUG_INFORMATION_FORMAT = dwarf;
				ENABLE_STRICT_OBJC_MSGSEND = YES;
				ENABLE_TESTABILITY = YES;
				GCC_C_LANGUAGE_STANDARD = gnu11;
				GCC_DYNAMIC_NO_PIC = NO;
				GCC_NO_COMMON_BLOCKS = YES;
				GCC_OPTIMIZATION_LEVEL = 0;
				GCC_PREPROCESSOR_DEFINITIONS = (
					"DEBUG=1",
					"$(inherited)",
				);
				GCC_WARN_64_TO_32_BIT_CONVERSION = YES;
				GCC_WARN_ABOUT_RETURN_TYPE = YES_ERROR;
				GCC_WARN_UNDECLARED_SELECTOR = YES;
				GCC_WARN_UNINITIALIZED_AUTOS = YES_AGGRESSIVE;
				GCC_WARN_UNUSED_FUNCTION = YES;
				GCC_WARN_UNUSED_VARIABLE = YES;
				IPHONEOS_DEPLOYMENT_TARGET = 15.2;
				MTL_ENABLE_DEBUG_INFO = INCLUDE_SOURCE;
				MTL_FAST_MATH = YES;
				ONLY_ACTIVE_ARCH = YES;
				SDKROOT = iphoneos;
				SWIFT_ACTIVE_COMPILATION_CONDITIONS = DEBUG;
				SWIFT_OPTIMIZATION_LEVEL = "-Onone";
			};
			name = Debug;
		};
		ECD43C6F28DB08AA0085E1BE /* Release */ = {
			isa = XCBuildConfiguration;
			buildSettings = {
				ALWAYS_SEARCH_USER_PATHS = NO;
				CLANG_ANALYZER_NONNULL = YES;
				CLANG_ANALYZER_NUMBER_OBJECT_CONVERSION = YES_AGGRESSIVE;
				CLANG_CXX_LANGUAGE_STANDARD = "gnu++17";
				CLANG_CXX_LIBRARY = "libc++";
				CLANG_ENABLE_MODULES = YES;
				CLANG_ENABLE_OBJC_ARC = YES;
				CLANG_ENABLE_OBJC_WEAK = YES;
				CLANG_WARN_BLOCK_CAPTURE_AUTORELEASING = YES;
				CLANG_WARN_BOOL_CONVERSION = YES;
				CLANG_WARN_COMMA = YES;
				CLANG_WARN_CONSTANT_CONVERSION = YES;
				CLANG_WARN_DEPRECATED_OBJC_IMPLEMENTATIONS = YES;
				CLANG_WARN_DIRECT_OBJC_ISA_USAGE = YES_ERROR;
				CLANG_WARN_DOCUMENTATION_COMMENTS = YES;
				CLANG_WARN_EMPTY_BODY = YES;
				CLANG_WARN_ENUM_CONVERSION = YES;
				CLANG_WARN_INFINITE_RECURSION = YES;
				CLANG_WARN_INT_CONVERSION = YES;
				CLANG_WARN_NON_LITERAL_NULL_CONVERSION = YES;
				CLANG_WARN_OBJC_IMPLICIT_RETAIN_SELF = YES;
				CLANG_WARN_OBJC_LITERAL_CONVERSION = YES;
				CLANG_WARN_OBJC_ROOT_CLASS = YES_ERROR;
				CLANG_WARN_QUOTED_INCLUDE_IN_FRAMEWORK_HEADER = YES;
				CLANG_WARN_RANGE_LOOP_ANALYSIS = YES;
				CLANG_WARN_STRICT_PROTOTYPES = YES;
				CLANG_WARN_SUSPICIOUS_MOVE = YES;
				CLANG_WARN_UNGUARDED_AVAILABILITY = YES_AGGRESSIVE;
				CLANG_WARN_UNREACHABLE_CODE = YES;
				CLANG_WARN__DUPLICATE_METHOD_MATCH = YES;
				COPY_PHASE_STRIP = NO;
				DEBUG_INFORMATION_FORMAT = "dwarf-with-dsym";
				ENABLE_NS_ASSERTIONS = NO;
				ENABLE_STRICT_OBJC_MSGSEND = YES;
				GCC_C_LANGUAGE_STANDARD = gnu11;
				GCC_NO_COMMON_BLOCKS = YES;
				GCC_WARN_64_TO_32_BIT_CONVERSION = YES;
				GCC_WARN_ABOUT_RETURN_TYPE = YES_ERROR;
				GCC_WARN_UNDECLARED_SELECTOR = YES;
				GCC_WARN_UNINITIALIZED_AUTOS = YES_AGGRESSIVE;
				GCC_WARN_UNUSED_FUNCTION = YES;
				GCC_WARN_UNUSED_VARIABLE = YES;
				IPHONEOS_DEPLOYMENT_TARGET = 15.2;
				MTL_ENABLE_DEBUG_INFO = NO;
				MTL_FAST_MATH = YES;
				SDKROOT = iphoneos;
				SWIFT_COMPILATION_MODE = wholemodule;
				SWIFT_OPTIMIZATION_LEVEL = "-O";
				VALIDATE_PRODUCT = YES;
			};
			name = Release;
		};
		ECD43C7128DB08AA0085E1BE /* Debug */ = {
			isa = XCBuildConfiguration;
			buildSettings = {
				ASSETCATALOG_COMPILER_APPICON_NAME = AppIcon;
				ASSETCATALOG_COMPILER_GLOBAL_ACCENT_COLOR_NAME = AccentColor;
				CODE_SIGN_STYLE = Automatic;
				CURRENT_PROJECT_VERSION = 1;
				GENERATE_INFOPLIST_FILE = YES;
				INFOPLIST_FILE = SamyTheoProjet/Info.plist;
				INFOPLIST_KEY_UIApplicationSupportsIndirectInputEvents = YES;
				INFOPLIST_KEY_UILaunchStoryboardName = LaunchScreen;
				INFOPLIST_KEY_UIMainStoryboardFile = Main;
				INFOPLIST_KEY_UISupportedInterfaceOrientations = UIInterfaceOrientationPortrait;
				INFOPLIST_KEY_UISupportedInterfaceOrientations_iPad = "UIInterfaceOrientationPortrait UIInterfaceOrientationPortraitUpsideDown UIInterfaceOrientationLandscapeLeft UIInterfaceOrientationLandscapeRight";
				INFOPLIST_KEY_UISupportedInterfaceOrientations_iPhone = "UIInterfaceOrientationPortrait UIInterfaceOrientationLandscapeLeft UIInterfaceOrientationLandscapeRight";
				LD_RUNPATH_SEARCH_PATHS = (
					"$(inherited)",
					"@executable_path/Frameworks",
				);
				MARKETING_VERSION = 1.0;
				PRODUCT_BUNDLE_IDENTIFIER = com.insset.SamyTheoProjet;
				PRODUCT_NAME = "$(TARGET_NAME)";
				SWIFT_EMIT_LOC_STRINGS = YES;
				SWIFT_VERSION = 5.0;
				TARGETED_DEVICE_FAMILY = "1,2";
			};
			name = Debug;
		};
		ECD43C7228DB08AA0085E1BE /* Release */ = {
			isa = XCBuildConfiguration;
			buildSettings = {
				ASSETCATALOG_COMPILER_APPICON_NAME = AppIcon;
				ASSETCATALOG_COMPILER_GLOBAL_ACCENT_COLOR_NAME = AccentColor;
				CODE_SIGN_STYLE = Automatic;
				CURRENT_PROJECT_VERSION = 1;
				GENERATE_INFOPLIST_FILE = YES;
				INFOPLIST_FILE = SamyTheoProjet/Info.plist;
				INFOPLIST_KEY_UIApplicationSupportsIndirectInputEvents = YES;
				INFOPLIST_KEY_UILaunchStoryboardName = LaunchScreen;
				INFOPLIST_KEY_UIMainStoryboardFile = Main;
				INFOPLIST_KEY_UISupportedInterfaceOrientations = UIInterfaceOrientationPortrait;
				INFOPLIST_KEY_UISupportedInterfaceOrientations_iPad = "UIInterfaceOrientationPortrait UIInterfaceOrientationPortraitUpsideDown UIInterfaceOrientationLandscapeLeft UIInterfaceOrientationLandscapeRight";
				INFOPLIST_KEY_UISupportedInterfaceOrientations_iPhone = "UIInterfaceOrientationPortrait UIInterfaceOrientationLandscapeLeft UIInterfaceOrientationLandscapeRight";
				LD_RUNPATH_SEARCH_PATHS = (
					"$(inherited)",
					"@executable_path/Frameworks",
				);
				MARKETING_VERSION = 1.0;
				PRODUCT_BUNDLE_IDENTIFIER = com.insset.SamyTheoProjet;
				PRODUCT_NAME = "$(TARGET_NAME)";
				SWIFT_EMIT_LOC_STRINGS = YES;
				SWIFT_VERSION = 5.0;
				TARGETED_DEVICE_FAMILY = "1,2";
			};
			name = Release;
		};
/* End XCBuildConfiguration section */

/* Begin XCConfigurationList section */
		ECD43C5728DB08A60085E1BE /* Build configuration list for PBXProject "SamyTheoProjet" */ = {
			isa = XCConfigurationList;
			buildConfigurations = (
				ECD43C6E28DB08AA0085E1BE /* Debug */,
				ECD43C6F28DB08AA0085E1BE /* Release */,
			);
			defaultConfigurationIsVisible = 0;
			defaultConfigurationName = Release;
		};
		ECD43C7028DB08AA0085E1BE /* Build configuration list for PBXNativeTarget "SamyTheoProjet" */ = {
			isa = XCConfigurationList;
			buildConfigurations = (
				ECD43C7128DB08AA0085E1BE /* Debug */,
				ECD43C7228DB08AA0085E1BE /* Release */,
			);
			defaultConfigurationIsVisible = 0;
			defaultConfigurationName = Release;
		};
/* End XCConfigurationList section */

/* Begin XCRemoteSwiftPackageReference section */
		ECD43CB428DB3DB80085E1BE /* XCRemoteSwiftPackageReference "firebase-ios-sdk" */ = {
			isa = XCRemoteSwiftPackageReference;
			repositoryURL = "https://github.com/firebase/firebase-ios-sdk.git";
			requirement = {
				branch = master;
				kind = branch;
			};
		};
/* End XCRemoteSwiftPackageReference section */

/* Begin XCSwiftPackageProductDependency section */
		ECD43CB528DB3DB80085E1BE /* FirebaseDatabase */ = {
			isa = XCSwiftPackageProductDependency;
			package = ECD43CB428DB3DB80085E1BE /* XCRemoteSwiftPackageReference "firebase-ios-sdk" */;
			productName = FirebaseDatabase;
		};
		ECD43CB728DB3DB90085E1BE /* FirebaseDatabaseSwift */ = {
			isa = XCSwiftPackageProductDependency;
			package = ECD43CB428DB3DB80085E1BE /* XCRemoteSwiftPackageReference "firebase-ios-sdk" */;
			productName = FirebaseDatabaseSwift;
		};
/* End XCSwiftPackageProductDependency section */
	};
	rootObject = ECD43C5428DB08A60085E1BE /* Project object */;
}
